// !$*UTF8*$!
{
	archiveVersion = 1;
	classes = {
	};
	objectVersion = 56;
	objects = {

/* Begin PBXBuildFile section */
		63D35CDD2AFB10C200B23894 /* AppDelegate.swift in Sources */ = {isa = PBXBuildFile; fileRef = 63D35CDC2AFB10C200B23894 /* AppDelegate.swift */; };
		63D35CDF2AFB10C200B23894 /* SceneDelegate.swift in Sources */ = {isa = PBXBuildFile; fileRef = 63D35CDE2AFB10C200B23894 /* SceneDelegate.swift */; };
		63D35CE12AFB10C200B23894 /* ViewController.swift in Sources */ = {isa = PBXBuildFile; fileRef = 63D35CE02AFB10C200B23894 /* ViewController.swift */; };
		63D35CE62AFB10C300B23894 /* Assets.xcassets in Resources */ = {isa = PBXBuildFile; fileRef = 63D35CE52AFB10C300B23894 /* Assets.xcassets */; };
		63D35CE92AFB10C300B23894 /* LaunchScreen.storyboard in Resources */ = {isa = PBXBuildFile; fileRef = 63D35CE72AFB10C300B23894 /* LaunchScreen.storyboard */; };
		63D35CF22AFB114D00B23894 /* SnapKit in Frameworks */ = {isa = PBXBuildFile; productRef = 63D35CF12AFB114D00B23894 /* SnapKit */; };
		63D35CF42AFB114D00B23894 /* SnapKit-Dynamic in Frameworks */ = {isa = PBXBuildFile; productRef = 63D35CF32AFB114D00B23894 /* SnapKit-Dynamic */; };
		63D35CFB2AFB11E700B23894 /* RxCocoa in Frameworks */ = {isa = PBXBuildFile; productRef = 63D35CFA2AFB11E700B23894 /* RxCocoa */; };
		63D35D012AFB11E700B23894 /* RxSwift in Frameworks */ = {isa = PBXBuildFile; productRef = 63D35D002AFB11E700B23894 /* RxSwift */; };
		63D35D192AFB67AA00B23894 /* TodayVC.swift in Sources */ = {isa = PBXBuildFile; fileRef = 63D35D182AFB67AA00B23894 /* TodayVC.swift */; };
		63D35D1F2AFB680200B23894 /* BaseVC.swift in Sources */ = {isa = PBXBuildFile; fileRef = 63D35D1E2AFB680200B23894 /* BaseVC.swift */; };
		63D35D212AFB691000B23894 /* BaseView.swift in Sources */ = {isa = PBXBuildFile; fileRef = 63D35D202AFB691000B23894 /* BaseView.swift */; };
		63D35D232AFB69BA00B23894 /* ActivityView.swift in Sources */ = {isa = PBXBuildFile; fileRef = 63D35D222AFB69BA00B23894 /* ActivityView.swift */; };
		63D35D252AFB6B1700B23894 /* BaseCell.swift in Sources */ = {isa = PBXBuildFile; fileRef = 63D35D242AFB6B1700B23894 /* BaseCell.swift */; };
		63D35D292AFB6C3700B23894 /* NetworkService.swift in Sources */ = {isa = PBXBuildFile; fileRef = 63D35D282AFB6C3700B23894 /* NetworkService.swift */; };
		63D35D2C2AFB6C7D00B23894 /* API.swift in Sources */ = {isa = PBXBuildFile; fileRef = 63D35D2B2AFB6C7D00B23894 /* API.swift */; };
		63D35D2E2AFB77AF00B23894 /* iTunes.swift in Sources */ = {isa = PBXBuildFile; fileRef = 63D35D2D2AFB77AF00B23894 /* iTunes.swift */; };
		63D35D312AFB787100B23894 /* RxDataSources in Frameworks */ = {isa = PBXBuildFile; productRef = 63D35D302AFB787100B23894 /* RxDataSources */; };
		63D35D342AFB788600B23894 /* Alamofire in Frameworks */ = {isa = PBXBuildFile; productRef = 63D35D332AFB788600B23894 /* Alamofire */; };
		63D35D362AFB78D400B23894 /* TodayVM.swift in Sources */ = {isa = PBXBuildFile; fileRef = 63D35D352AFB78D400B23894 /* TodayVM.swift */; };
		63D35D382AFB793E00B23894 /* App.swift in Sources */ = {isa = PBXBuildFile; fileRef = 63D35D372AFB793E00B23894 /* App.swift */; };
		63D35D3A2AFB797F00B23894 /* TabbarController.swift in Sources */ = {isa = PBXBuildFile; fileRef = 63D35D392AFB797F00B23894 /* TabbarController.swift */; };
		63D35D3C2AFB7EE400B23894 /* CachingService.swift in Sources */ = {isa = PBXBuildFile; fileRef = 63D35D3B2AFB7EE400B23894 /* CachingService.swift */; };
		63D35D402AFB88FF00B23894 /* App_Key.swift in Sources */ = {isa = PBXBuildFile; fileRef = 63D35D3F2AFB88FF00B23894 /* App_Key.swift */; };
		63D35D422AFB896A00B23894 /* .gitignore in Resources */ = {isa = PBXBuildFile; fileRef = 63D35D412AFB896A00B23894 /* .gitignore */; };
/* End PBXBuildFile section */

/* Begin PBXFileReference section */
		63D35CD92AFB10C200B23894 /* SsamzangProject.app */ = {isa = PBXFileReference; explicitFileType = wrapper.application; includeInIndex = 0; path = SsamzangProject.app; sourceTree = BUILT_PRODUCTS_DIR; };
		63D35CDC2AFB10C200B23894 /* AppDelegate.swift */ = {isa = PBXFileReference; lastKnownFileType = sourcecode.swift; path = AppDelegate.swift; sourceTree = "<group>"; };
		63D35CDE2AFB10C200B23894 /* SceneDelegate.swift */ = {isa = PBXFileReference; lastKnownFileType = sourcecode.swift; path = SceneDelegate.swift; sourceTree = "<group>"; };
		63D35CE02AFB10C200B23894 /* ViewController.swift */ = {isa = PBXFileReference; lastKnownFileType = sourcecode.swift; path = ViewController.swift; sourceTree = "<group>"; };
		63D35CE52AFB10C300B23894 /* Assets.xcassets */ = {isa = PBXFileReference; lastKnownFileType = folder.assetcatalog; path = Assets.xcassets; sourceTree = "<group>"; };
		63D35CE82AFB10C300B23894 /* Base */ = {isa = PBXFileReference; lastKnownFileType = file.storyboard; name = Base; path = Base.lproj/LaunchScreen.storyboard; sourceTree = "<group>"; };
		63D35CEA2AFB10C300B23894 /* Info.plist */ = {isa = PBXFileReference; lastKnownFileType = text.plist.xml; path = Info.plist; sourceTree = "<group>"; };
		63D35D182AFB67AA00B23894 /* TodayVC.swift */ = {isa = PBXFileReference; lastKnownFileType = sourcecode.swift; path = TodayVC.swift; sourceTree = "<group>"; };
		63D35D1E2AFB680200B23894 /* BaseVC.swift */ = {isa = PBXFileReference; lastKnownFileType = sourcecode.swift; path = BaseVC.swift; sourceTree = "<group>"; };
		63D35D202AFB691000B23894 /* BaseView.swift */ = {isa = PBXFileReference; lastKnownFileType = sourcecode.swift; path = BaseView.swift; sourceTree = "<group>"; };
		63D35D222AFB69BA00B23894 /* ActivityView.swift */ = {isa = PBXFileReference; lastKnownFileType = sourcecode.swift; path = ActivityView.swift; sourceTree = "<group>"; };
		63D35D242AFB6B1700B23894 /* BaseCell.swift */ = {isa = PBXFileReference; lastKnownFileType = sourcecode.swift; path = BaseCell.swift; sourceTree = "<group>"; };
		63D35D282AFB6C3700B23894 /* NetworkService.swift */ = {isa = PBXFileReference; lastKnownFileType = sourcecode.swift; path = NetworkService.swift; sourceTree = "<group>"; };
		63D35D2B2AFB6C7D00B23894 /* API.swift */ = {isa = PBXFileReference; lastKnownFileType = sourcecode.swift; path = API.swift; sourceTree = "<group>"; };
		63D35D2D2AFB77AF00B23894 /* iTunes.swift */ = {isa = PBXFileReference; lastKnownFileType = sourcecode.swift; path = iTunes.swift; sourceTree = "<group>"; };
		63D35D352AFB78D400B23894 /* TodayVM.swift */ = {isa = PBXFileReference; lastKnownFileType = sourcecode.swift; path = TodayVM.swift; sourceTree = "<group>"; };
		63D35D372AFB793E00B23894 /* App.swift */ = {isa = PBXFileReference; lastKnownFileType = sourcecode.swift; path = App.swift; sourceTree = "<group>"; };
		63D35D392AFB797F00B23894 /* TabbarController.swift */ = {isa = PBXFileReference; lastKnownFileType = sourcecode.swift; path = TabbarController.swift; sourceTree = "<group>"; };
		63D35D3B2AFB7EE400B23894 /* CachingService.swift */ = {isa = PBXFileReference; lastKnownFileType = sourcecode.swift; path = CachingService.swift; sourceTree = "<group>"; };
		63D35D3F2AFB88FF00B23894 /* App_Key.swift */ = {isa = PBXFileReference; lastKnownFileType = sourcecode.swift; path = App_Key.swift; sourceTree = "<group>"; };
		63D35D412AFB896A00B23894 /* .gitignore */ = {isa = PBXFileReference; lastKnownFileType = text; path = .gitignore; sourceTree = "<group>"; };
/* End PBXFileReference section */

/* Begin PBXFrameworksBuildPhase section */
		63D35CD62AFB10C200B23894 /* Frameworks */ = {
			isa = PBXFrameworksBuildPhase;
			buildActionMask = 2147483647;
			files = (
				63D35CF22AFB114D00B23894 /* SnapKit in Frameworks */,
				63D35CFB2AFB11E700B23894 /* RxCocoa in Frameworks */,
				63D35CF42AFB114D00B23894 /* SnapKit-Dynamic in Frameworks */,
				63D35D342AFB788600B23894 /* Alamofire in Frameworks */,
				63D35D312AFB787100B23894 /* RxDataSources in Frameworks */,
				63D35D012AFB11E700B23894 /* RxSwift in Frameworks */,
			);
			runOnlyForDeploymentPostprocessing = 0;
		};
/* End PBXFrameworksBuildPhase section */

/* Begin PBXGroup section */
		63D35CD02AFB10C200B23894 = {
			isa = PBXGroup;
			children = (
				63D35CDB2AFB10C200B23894 /* itunesRx */,
				63D35CDA2AFB10C200B23894 /* Products */,
			);
			sourceTree = "<group>";
		};
		63D35CDA2AFB10C200B23894 /* Products */ = {
			isa = PBXGroup;
			children = (
				63D35CD92AFB10C200B23894 /* SsamzangProject.app */,
			);
			name = Products;
			sourceTree = "<group>";
		};
		63D35CDB2AFB10C200B23894 /* itunesRx */ = {
			isa = PBXGroup;
			children = (
				63D35D112AFB674C00B23894 /* AppCore */,
				63D35D262AFB6BB300B23894 /* Services */,
				63D35D1A2AFB67DE00B23894 /* Helpers */,
				63D35D122AFB675F00B23894 /* MVVM */,
				63D35CE02AFB10C200B23894 /* ViewController.swift */,
				63D35CEA2AFB10C300B23894 /* Info.plist */,
				63D35D412AFB896A00B23894 /* .gitignore */,
				63D35D3F2AFB88FF00B23894 /* App_Key.swift */,
			);
			path = itunesRx;
			sourceTree = "<group>";
		};
		63D35D112AFB674C00B23894 /* AppCore */ = {
			isa = PBXGroup;
			children = (
				63D35CE52AFB10C300B23894 /* Assets.xcassets */,
				63D35CE72AFB10C300B23894 /* LaunchScreen.storyboard */,
				63D35CDC2AFB10C200B23894 /* AppDelegate.swift */,
				63D35CDE2AFB10C200B23894 /* SceneDelegate.swift */,
				63D35D372AFB793E00B23894 /* App.swift */,
				63D35D392AFB797F00B23894 /* TabbarController.swift */,
			);
			path = AppCore;
			sourceTree = "<group>";
		};
		63D35D122AFB675F00B23894 /* MVVM */ = {
			isa = PBXGroup;
			children = (
				63D35D172AFB678400B23894 /* Model */,
				63D35D162AFB677F00B23894 /* ViewModel */,
				63D35D132AFB676E00B23894 /* View */,
			);
			path = MVVM;
			sourceTree = "<group>";
		};
		63D35D132AFB676E00B23894 /* View */ = {
			isa = PBXGroup;
			children = (
				63D35D182AFB67AA00B23894 /* TodayVC.swift */,
			);
			path = View;
			sourceTree = "<group>";
		};
		63D35D162AFB677F00B23894 /* ViewModel */ = {
			isa = PBXGroup;
			children = (
				63D35D352AFB78D400B23894 /* TodayVM.swift */,
			);
			path = ViewModel;
			sourceTree = "<group>";
		};
		63D35D172AFB678400B23894 /* Model */ = {
			isa = PBXGroup;
			children = (
			);
			path = Model;
			sourceTree = "<group>";
		};
		63D35D1A2AFB67DE00B23894 /* Helpers */ = {
			isa = PBXGroup;
			children = (
				63D35D1D2AFB67F300B23894 /* Bases */,
			);
			path = Helpers;
			sourceTree = "<group>";
		};
		63D35D1D2AFB67F300B23894 /* Bases */ = {
			isa = PBXGroup;
			children = (
				63D35D1E2AFB680200B23894 /* BaseVC.swift */,
				63D35D202AFB691000B23894 /* BaseView.swift */,
				63D35D222AFB69BA00B23894 /* ActivityView.swift */,
				63D35D242AFB6B1700B23894 /* BaseCell.swift */,
			);
			path = Bases;
			sourceTree = "<group>";
		};
		63D35D262AFB6BB300B23894 /* Services */ = {
			isa = PBXGroup;
			children = (
				63D35D272AFB6BBD00B23894 /* NetwordService */,
				63D35D3B2AFB7EE400B23894 /* CachingService.swift */,
			);
			path = Services;
			sourceTree = "<group>";
		};
		63D35D272AFB6BBD00B23894 /* NetwordService */ = {
			isa = PBXGroup;
			children = (
				63D35D2A2AFB6C5B00B23894 /* API */,
				63D35D282AFB6C3700B23894 /* NetworkService.swift */,
			);
			path = NetwordService;
			sourceTree = "<group>";
		};
		63D35D2A2AFB6C5B00B23894 /* API */ = {
			isa = PBXGroup;
			children = (
				63D35D2B2AFB6C7D00B23894 /* API.swift */,
				63D35D2D2AFB77AF00B23894 /* iTunes.swift */,
			);
			path = API;
			sourceTree = "<group>";
		};
/* End PBXGroup section */

/* Begin PBXNativeTarget section */
		63D35CD82AFB10C200B23894 /* SsamzangProject */ = {
			isa = PBXNativeTarget;
			buildConfigurationList = 63D35CED2AFB10C300B23894 /* Build configuration list for PBXNativeTarget "SsamzangProject" */;
			buildPhases = (
				63D35CD52AFB10C200B23894 /* Sources */,
				63D35CD62AFB10C200B23894 /* Frameworks */,
				63D35CD72AFB10C200B23894 /* Resources */,
			);
			buildRules = (
			);
			dependencies = (
			);
			name = SsamzangProject;
			packageProductDependencies = (
				63D35CF12AFB114D00B23894 /* SnapKit */,
				63D35CF32AFB114D00B23894 /* SnapKit-Dynamic */,
				63D35CFA2AFB11E700B23894 /* RxCocoa */,
				63D35D002AFB11E700B23894 /* RxSwift */,
				63D35D302AFB787100B23894 /* RxDataSources */,
				63D35D332AFB788600B23894 /* Alamofire */,
			);
			productName = itunesRx;
			productReference = 63D35CD92AFB10C200B23894 /* SsamzangProject.app */;
			productType = "com.apple.product-type.application";
		};
/* End PBXNativeTarget section */

/* Begin PBXProject section */
		63D35CD12AFB10C200B23894 /* Project object */ = {
			isa = PBXProject;
			attributes = {
				BuildIndependentTargetsInParallel = 1;
				LastSwiftUpdateCheck = 1500;
				LastUpgradeCheck = 1500;
				TargetAttributes = {
					63D35CD82AFB10C200B23894 = {
						CreatedOnToolsVersion = 15.0.1;
					};
				};
			};
			buildConfigurationList = 63D35CD42AFB10C200B23894 /* Build configuration list for PBXProject "SsamzangProject" */;
			compatibilityVersion = "Xcode 14.0";
			developmentRegion = en;
			hasScannedForEncodings = 0;
			knownRegions = (
				en,
				Base,
			);
			mainGroup = 63D35CD02AFB10C200B23894;
			packageReferences = (
				63D35CF02AFB114D00B23894 /* XCRemoteSwiftPackageReference "SnapKit" */,
				63D35CF52AFB11E700B23894 /* XCRemoteSwiftPackageReference "RxSwift" */,
				63D35D2F2AFB787100B23894 /* XCRemoteSwiftPackageReference "RxDataSources" */,
				63D35D322AFB788600B23894 /* XCRemoteSwiftPackageReference "Alamofire" */,
			);
			productRefGroup = 63D35CDA2AFB10C200B23894 /* Products */;
			projectDirPath = "";
			projectRoot = "";
			targets = (
				63D35CD82AFB10C200B23894 /* SsamzangProject */,
			);
		};
/* End PBXProject section */

/* Begin PBXResourcesBuildPhase section */
		63D35CD72AFB10C200B23894 /* Resources */ = {
			isa = PBXResourcesBuildPhase;
			buildActionMask = 2147483647;
			files = (
				63D35CE92AFB10C300B23894 /* LaunchScreen.storyboard in Resources */,
				63D35D422AFB896A00B23894 /* .gitignore in Resources */,
				63D35CE62AFB10C300B23894 /* Assets.xcassets in Resources */,
			);
			runOnlyForDeploymentPostprocessing = 0;
		};
/* End PBXResourcesBuildPhase section */

/* Begin PBXSourcesBuildPhase section */
		63D35CD52AFB10C200B23894 /* Sources */ = {
			isa = PBXSourcesBuildPhase;
			buildActionMask = 2147483647;
			files = (
				63D35D382AFB793E00B23894 /* App.swift in Sources */,
				63D35D402AFB88FF00B23894 /* App_Key.swift in Sources */,
				63D35D362AFB78D400B23894 /* TodayVM.swift in Sources */,
				63D35CE12AFB10C200B23894 /* ViewController.swift in Sources */,
				63D35CDD2AFB10C200B23894 /* AppDelegate.swift in Sources */,
				63D35D2C2AFB6C7D00B23894 /* API.swift in Sources */,
				63D35D2E2AFB77AF00B23894 /* iTunes.swift in Sources */,
				63D35D192AFB67AA00B23894 /* TodayVC.swift in Sources */,
				63D35D212AFB691000B23894 /* BaseView.swift in Sources */,
				63D35D292AFB6C3700B23894 /* NetworkService.swift in Sources */,
				63D35D3C2AFB7EE400B23894 /* CachingService.swift in Sources */,
				63D35D252AFB6B1700B23894 /* BaseCell.swift in Sources */,
				63D35D232AFB69BA00B23894 /* ActivityView.swift in Sources */,
				63D35CDF2AFB10C200B23894 /* SceneDelegate.swift in Sources */,
				63D35D1F2AFB680200B23894 /* BaseVC.swift in Sources */,
				63D35D3A2AFB797F00B23894 /* TabbarController.swift in Sources */,
			);
			runOnlyForDeploymentPostprocessing = 0;
		};
/* End PBXSourcesBuildPhase section */

/* Begin PBXVariantGroup section */
		63D35CE72AFB10C300B23894 /* LaunchScreen.storyboard */ = {
			isa = PBXVariantGroup;
			children = (
				63D35CE82AFB10C300B23894 /* Base */,
			);
			name = LaunchScreen.storyboard;
			sourceTree = "<group>";
		};
/* End PBXVariantGroup section */

/* Begin XCBuildConfiguration section */
		63D35CEB2AFB10C300B23894 /* Debug */ = {
			isa = XCBuildConfiguration;
			buildSettings = {
				ALWAYS_SEARCH_USER_PATHS = NO;
				ASSETCATALOG_COMPILER_GENERATE_SWIFT_ASSET_SYMBOL_EXTENSIONS = YES;
				CLANG_ANALYZER_NONNULL = YES;
				CLANG_ANALYZER_NUMBER_OBJECT_CONVERSION = YES_AGGRESSIVE;
				CLANG_CXX_LANGUAGE_STANDARD = "gnu++20";
				CLANG_ENABLE_MODULES = YES;
				CLANG_ENABLE_OBJC_ARC = YES;
				CLANG_ENABLE_OBJC_WEAK = YES;
				CLANG_WARN_BLOCK_CAPTURE_AUTORELEASING = YES;
				CLANG_WARN_BOOL_CONVERSION = YES;
				CLANG_WARN_COMMA = YES;
				CLANG_WARN_CONSTANT_CONVERSION = YES;
				CLANG_WARN_DEPRECATED_OBJC_IMPLEMENTATIONS = YES;
				CLANG_WARN_DIRECT_OBJC_ISA_USAGE = YES_ERROR;
				CLANG_WARN_DOCUMENTATION_COMMENTS = YES;
				CLANG_WARN_EMPTY_BODY = YES;
				CLANG_WARN_ENUM_CONVERSION = YES;
				CLANG_WARN_INFINITE_RECURSION = YES;
				CLANG_WARN_INT_CONVERSION = YES;
				CLANG_WARN_NON_LITERAL_NULL_CONVERSION = YES;
				CLANG_WARN_OBJC_IMPLICIT_RETAIN_SELF = YES;
				CLANG_WARN_OBJC_LITERAL_CONVERSION = YES;
				CLANG_WARN_OBJC_ROOT_CLASS = YES_ERROR;
				CLANG_WARN_QUOTED_INCLUDE_IN_FRAMEWORK_HEADER = YES;
				CLANG_WARN_RANGE_LOOP_ANALYSIS = YES;
				CLANG_WARN_STRICT_PROTOTYPES = YES;
				CLANG_WARN_SUSPICIOUS_MOVE = YES;
				CLANG_WARN_UNGUARDED_AVAILABILITY = YES_AGGRESSIVE;
				CLANG_WARN_UNREACHABLE_CODE = YES;
				CLANG_WARN__DUPLICATE_METHOD_MATCH = YES;
				COPY_PHASE_STRIP = NO;
				DEBUG_INFORMATION_FORMAT = dwarf;
				ENABLE_STRICT_OBJC_MSGSEND = YES;
				ENABLE_TESTABILITY = YES;
				ENABLE_USER_SCRIPT_SANDBOXING = YES;
				GCC_C_LANGUAGE_STANDARD = gnu17;
				GCC_DYNAMIC_NO_PIC = NO;
				GCC_NO_COMMON_BLOCKS = YES;
				GCC_OPTIMIZATION_LEVEL = 0;
				GCC_PREPROCESSOR_DEFINITIONS = (
					"DEBUG=1",
					"$(inherited)",
				);
				GCC_WARN_64_TO_32_BIT_CONVERSION = YES;
				GCC_WARN_ABOUT_RETURN_TYPE = YES_ERROR;
				GCC_WARN_UNDECLARED_SELECTOR = YES;
				GCC_WARN_UNINITIALIZED_AUTOS = YES_AGGRESSIVE;
				GCC_WARN_UNUSED_FUNCTION = YES;
				GCC_WARN_UNUSED_VARIABLE = YES;
				IPHONEOS_DEPLOYMENT_TARGET = 16.0;
				LOCALIZATION_PREFERS_STRING_CATALOGS = YES;
				MTL_ENABLE_DEBUG_INFO = INCLUDE_SOURCE;
				MTL_FAST_MATH = YES;
				ONLY_ACTIVE_ARCH = YES;
				SDKROOT = iphoneos;
				SWIFT_ACTIVE_COMPILATION_CONDITIONS = "DEBUG $(inherited)";
				SWIFT_OPTIMIZATION_LEVEL = "-Onone";
			};
			name = Debug;
		};
		63D35CEC2AFB10C300B23894 /* Release */ = {
			isa = XCBuildConfiguration;
			buildSettings = {
				ALWAYS_SEARCH_USER_PATHS = NO;
				ASSETCATALOG_COMPILER_GENERATE_SWIFT_ASSET_SYMBOL_EXTENSIONS = YES;
				CLANG_ANALYZER_NONNULL = YES;
				CLANG_ANALYZER_NUMBER_OBJECT_CONVERSION = YES_AGGRESSIVE;
				CLANG_CXX_LANGUAGE_STANDARD = "gnu++20";
				CLANG_ENABLE_MODULES = YES;
				CLANG_ENABLE_OBJC_ARC = YES;
				CLANG_ENABLE_OBJC_WEAK = YES;
				CLANG_WARN_BLOCK_CAPTURE_AUTORELEASING = YES;
				CLANG_WARN_BOOL_CONVERSION = YES;
				CLANG_WARN_COMMA = YES;
				CLANG_WARN_CONSTANT_CONVERSION = YES;
				CLANG_WARN_DEPRECATED_OBJC_IMPLEMENTATIONS = YES;
				CLANG_WARN_DIRECT_OBJC_ISA_USAGE = YES_ERROR;
				CLANG_WARN_DOCUMENTATION_COMMENTS = YES;
				CLANG_WARN_EMPTY_BODY = YES;
				CLANG_WARN_ENUM_CONVERSION = YES;
				CLANG_WARN_INFINITE_RECURSION = YES;
				CLANG_WARN_INT_CONVERSION = YES;
				CLANG_WARN_NON_LITERAL_NULL_CONVERSION = YES;
				CLANG_WARN_OBJC_IMPLICIT_RETAIN_SELF = YES;
				CLANG_WARN_OBJC_LITERAL_CONVERSION = YES;
				CLANG_WARN_OBJC_ROOT_CLASS = YES_ERROR;
				CLANG_WARN_QUOTED_INCLUDE_IN_FRAMEWORK_HEADER = YES;
				CLANG_WARN_RANGE_LOOP_ANALYSIS = YES;
				CLANG_WARN_STRICT_PROTOTYPES = YES;
				CLANG_WARN_SUSPICIOUS_MOVE = YES;
				CLANG_WARN_UNGUARDED_AVAILABILITY = YES_AGGRESSIVE;
				CLANG_WARN_UNREACHABLE_CODE = YES;
				CLANG_WARN__DUPLICATE_METHOD_MATCH = YES;
				COPY_PHASE_STRIP = NO;
				DEBUG_INFORMATION_FORMAT = "dwarf-with-dsym";
				ENABLE_NS_ASSERTIONS = NO;
				ENABLE_STRICT_OBJC_MSGSEND = YES;
				ENABLE_USER_SCRIPT_SANDBOXING = YES;
				GCC_C_LANGUAGE_STANDARD = gnu17;
				GCC_NO_COMMON_BLOCKS = YES;
				GCC_WARN_64_TO_32_BIT_CONVERSION = YES;
				GCC_WARN_ABOUT_RETURN_TYPE = YES_ERROR;
				GCC_WARN_UNDECLARED_SELECTOR = YES;
				GCC_WARN_UNINITIALIZED_AUTOS = YES_AGGRESSIVE;
				GCC_WARN_UNUSED_FUNCTION = YES;
				GCC_WARN_UNUSED_VARIABLE = YES;
				IPHONEOS_DEPLOYMENT_TARGET = 16.0;
				LOCALIZATION_PREFERS_STRING_CATALOGS = YES;
				MTL_ENABLE_DEBUG_INFO = NO;
				MTL_FAST_MATH = YES;
				SDKROOT = iphoneos;
				SWIFT_COMPILATION_MODE = wholemodule;
				VALIDATE_PRODUCT = YES;
			};
			name = Release;
		};
		63D35CEE2AFB10C300B23894 /* Debug */ = {
			isa = XCBuildConfiguration;
			buildSettings = {
				ASSETCATALOG_COMPILER_APPICON_NAME = AppIcon;
				ASSETCATALOG_COMPILER_GLOBAL_ACCENT_COLOR_NAME = AccentColor;
				CODE_SIGN_STYLE = Automatic;
				CURRENT_PROJECT_VERSION = 1;
				DEVELOPMENT_TEAM = 3W9F68ZTUJ;
				GENERATE_INFOPLIST_FILE = YES;
				INFOPLIST_FILE = itunesRx/Info.plist;
				INFOPLIST_KEY_UIApplicationSupportsIndirectInputEvents = YES;
				INFOPLIST_KEY_UILaunchStoryboardName = LaunchScreen;
				INFOPLIST_KEY_UISupportedInterfaceOrientations_iPad = "UIInterfaceOrientationPortrait UIInterfaceOrientationPortraitUpsideDown UIInterfaceOrientationLandscapeLeft UIInterfaceOrientationLandscapeRight";
				INFOPLIST_KEY_UISupportedInterfaceOrientations_iPhone = "UIInterfaceOrientationPortrait UIInterfaceOrientationLandscapeLeft UIInterfaceOrientationLandscapeRight";
				LD_RUNPATH_SEARCH_PATHS = (
					"$(inherited)",
					"@executable_path/Frameworks",
				);
				MARKETING_VERSION = 1.0;
				PRODUCT_BUNDLE_IDENTIFIER = ii.SsamzangProject;
				PRODUCT_NAME = "$(TARGET_NAME)";
				SUPPORTED_PLATFORMS = "iphoneos iphonesimulator";
				SUPPORTS_MACCATALYST = NO;
				SUPPORTS_MAC_DESIGNED_FOR_IPHONE_IPAD = NO;
				SWIFT_EMIT_LOC_STRINGS = YES;
				SWIFT_VERSION = 5.0;
				TARGETED_DEVICE_FAMILY = 1;
			};
			name = Debug;
		};
		63D35CEF2AFB10C300B23894 /* Release */ = {
			isa = XCBuildConfiguration;
			buildSettings = {
				ASSETCATALOG_COMPILER_APPICON_NAME = AppIcon;
				ASSETCATALOG_COMPILER_GLOBAL_ACCENT_COLOR_NAME = AccentColor;
				CODE_SIGN_STYLE = Automatic;
				CURRENT_PROJECT_VERSION = 1;
				DEVELOPMENT_TEAM = 3W9F68ZTUJ;
				GENERATE_INFOPLIST_FILE = YES;
				INFOPLIST_FILE = itunesRx/Info.plist;
				INFOPLIST_KEY_UIApplicationSupportsIndirectInputEvents = YES;
				INFOPLIST_KEY_UILaunchStoryboardName = LaunchScreen;
				INFOPLIST_KEY_UISupportedInterfaceOrientations_iPad = "UIInterfaceOrientationPortrait UIInterfaceOrientationPortraitUpsideDown UIInterfaceOrientationLandscapeLeft UIInterfaceOrientationLandscapeRight";
				INFOPLIST_KEY_UISupportedInterfaceOrientations_iPhone = "UIInterfaceOrientationPortrait UIInterfaceOrientationLandscapeLeft UIInterfaceOrientationLandscapeRight";
				LD_RUNPATH_SEARCH_PATHS = (
					"$(inherited)",
					"@executable_path/Frameworks",
				);
				MARKETING_VERSION = 1.0;
				PRODUCT_BUNDLE_IDENTIFIER = ii.SsamzangProject;
				PRODUCT_NAME = "$(TARGET_NAME)";
				SUPPORTED_PLATFORMS = "iphoneos iphonesimulator";
				SUPPORTS_MACCATALYST = NO;
				SUPPORTS_MAC_DESIGNED_FOR_IPHONE_IPAD = NO;
				SWIFT_EMIT_LOC_STRINGS = YES;
				SWIFT_VERSION = 5.0;
				TARGETED_DEVICE_FAMILY = 1;
			};
			name = Release;
		};
/* End XCBuildConfiguration section */

/* Begin XCConfigurationList section */
		63D35CD42AFB10C200B23894 /* Build configuration list for PBXProject "SsamzangProject" */ = {
			isa = XCConfigurationList;
			buildConfigurations = (
				63D35CEB2AFB10C300B23894 /* Debug */,
				63D35CEC2AFB10C300B23894 /* Release */,
			);
			defaultConfigurationIsVisible = 0;
			defaultConfigurationName = Release;
		};
		63D35CED2AFB10C300B23894 /* Build configuration list for PBXNativeTarget "SsamzangProject" */ = {
			isa = XCConfigurationList;
			buildConfigurations = (
				63D35CEE2AFB10C300B23894 /* Debug */,
				63D35CEF2AFB10C300B23894 /* Release */,
			);
			defaultConfigurationIsVisible = 0;
			defaultConfigurationName = Release;
		};
/* End XCConfigurationList section */

/* Begin XCRemoteSwiftPackageReference section */
		63D35CF02AFB114D00B23894 /* XCRemoteSwiftPackageReference "SnapKit" */ = {
			isa = XCRemoteSwiftPackageReference;
			repositoryURL = "https://github.com/SnapKit/SnapKit.git";
			requirement = {
				kind = upToNextMajorVersion;
				minimumVersion = 5.6.0;
			};
		};
		63D35CF52AFB11E700B23894 /* XCRemoteSwiftPackageReference "RxSwift" */ = {
			isa = XCRemoteSwiftPackageReference;
			repositoryURL = "https://github.com/ReactiveX/RxSwift.git";
			requirement = {
				kind = upToNextMajorVersion;
				minimumVersion = 6.6.0;
			};
		};
		63D35D2F2AFB787100B23894 /* XCRemoteSwiftPackageReference "RxDataSources" */ = {
			isa = XCRemoteSwiftPackageReference;
			repositoryURL = "https://github.com/RxSwiftCommunity/RxDataSources.git";
			requirement = {
				kind = upToNextMajorVersion;
				minimumVersion = 5.0.2;
			};
		};
		63D35D322AFB788600B23894 /* XCRemoteSwiftPackageReference "Alamofire" */ = {
			isa = XCRemoteSwiftPackageReference;
			repositoryURL = "https://github.com/Alamofire/Alamofire";
			requirement = {
				kind = upToNextMajorVersion;
				minimumVersion = 5.8.1;
			};
		};
/* End XCRemoteSwiftPackageReference section */

/* Begin XCSwiftPackageProductDependency section */
		63D35CF12AFB114D00B23894 /* SnapKit */ = {
			isa = XCSwiftPackageProductDependency;
			package = 63D35CF02AFB114D00B23894 /* XCRemoteSwiftPackageReference "SnapKit" */;
			productName = SnapKit;
		};
		63D35CF32AFB114D00B23894 /* SnapKit-Dynamic */ = {
			isa = XCSwiftPackageProductDependency;
			package = 63D35CF02AFB114D00B23894 /* XCRemoteSwiftPackageReference "SnapKit" */;
			productName = "SnapKit-Dynamic";
		};
		63D35CFA2AFB11E700B23894 /* RxCocoa */ = {
			isa = XCSwiftPackageProductDependency;
			package = 63D35CF52AFB11E700B23894 /* XCRemoteSwiftPackageReference "RxSwift" */;
			productName = RxCocoa;
		};
		63D35D002AFB11E700B23894 /* RxSwift */ = {
			isa = XCSwiftPackageProductDependency;
			package = 63D35CF52AFB11E700B23894 /* XCRemoteSwiftPackageReference "RxSwift" */;
			productName = RxSwift;
		};
		63D35D302AFB787100B23894 /* RxDataSources */ = {
			isa = XCSwiftPackageProductDependency;
			package = 63D35D2F2AFB787100B23894 /* XCRemoteSwiftPackageReference "RxDataSources" */;
			productName = RxDataSources;
		};
		63D35D332AFB788600B23894 /* Alamofire */ = {
			isa = XCSwiftPackageProductDependency;
			package = 63D35D322AFB788600B23894 /* XCRemoteSwiftPackageReference "Alamofire" */;
			productName = Alamofire;
		};
/* End XCSwiftPackageProductDependency section */
	};
	rootObject = 63D35CD12AFB10C200B23894 /* Project object */;
}
